
Microsoft Visual Studio Solution File, Format Version 12.00
# Visual Studio Version 16
VisualStudioVersion = 16.0.31005.135
MinimumVisualStudioVersion = 10.0.40219.1
Project("{FAE04EC0-301F-11D3-BF4B-00C04F79EFBC}") = "SampleWebBeanstalk", "SampleWebBeanstalk\SampleWebBeanstalk.csproj", "{AA9E7FA9-0CBA-4AD9-BA70-54C2D2DC7BAC}"
EndProject
Global
	GlobalSection(SolutionConfigurationPlatforms) = preSolution
		Debug|Any CPU = Debug|Any CPU
		Release|Any CPU = Release|Any CPU
	EndGlobalSection
	GlobalSection(ProjectConfigurationPlatforms) = postSolution
		{AA9E7FA9-0CBA-4AD9-BA70-54C2D2DC7BAC}.Debug|Any CPU.ActiveCfg = Debug|Any CPU
		{AA9E7FA9-0CBA-4AD9-BA70-54C2D2DC7BAC}.Debug|Any CPU.Build.0 = Debug|Any CPU
		{AA9E7FA9-0CBA-4AD9-BA70-54C2D2DC7BAC}.Release|Any CPU.ActiveCfg = Release|Any CPU
		{AA9E7FA9-0CBA-4AD9-BA70-54C2D2DC7BAC}.Release|Any CPU.Build.0 = Release|Any CPU
	EndGlobalSection
	GlobalSection(SolutionProperties) = preSolution
		HideSolutionNode = FALSE
	EndGlobalSection
	GlobalSection(ExtensibilityGlobals) = postSolution
		SolutionGuid = {E6EA9C62-7F1C-4A0C-B7B7-44CB301AFECF}
	EndGlobalSection
EndGlobal
